{
  "nodes": {
    "flake-utils": {
      "locked": {
        "lastModified": 1649676176,
        "narHash": "sha256-OWKJratjt2RW151VUlJPRALb7OU2S5s+f0vLj4o1bHM=",
        "owner": "numtide",
        "repo": "flake-utils",
        "rev": "a4b154ebbdc88c8498a5c7b01589addc9e9cb678",
        "type": "github"
      },
      "original": {
        "owner": "numtide",
        "repo": "flake-utils",
        "type": "github"
      }
    },
    "json-logs-reporter": {
      "inputs": {
        "flake-utils": [
          "flake-utils"
        ],
        "nix-filter": "nix-filter",
        "nixpkgs": [
          "nixpkgs"
        ]
      },
      "locked": {
        "lastModified": 1652298385,
        "narHash": "sha256-+utBO2RQlo5ufd6vRpoDA3o+TaYu6IAV/D3hbTaBLjc=",
        "owner": "marigold-dev",
        "repo": "json-logs-reporter",
        "rev": "298a1ade7b95831c43997b6b3b6efcdd7803d974",
        "type": "github"
      },
      "original": {
        "owner": "marigold-dev",
        "repo": "json-logs-reporter",
        "type": "github"
      }
    },
    "nix-filter": {
      "locked": {
        "lastModified": 1649838635,
        "narHash": "sha256-P1h48+l9vUvMz4JwHBgkTXiX6mE8oYR75vBVUbe6Cuc=",
        "owner": "numtide",
        "repo": "nix-filter",
        "rev": "40a58baa248a8b335e2d66ca258a74248af9d834",
        "type": "github"
      },
      "original": {
        "owner": "numtide",
        "repo": "nix-filter",
        "type": "github"
      }
    },
    "nix-npm-buildpackage": {
      "locked": {
        "lastModified": 1648040270,
        "narHash": "sha256-HZU4h2J5gre5ASHynlln+KoK7wgtFjsqkzVVG2XsFXM=",
        "owner": "serokell",
        "repo": "nix-npm-buildpackage",
        "rev": "881f4bfa68e33cd0fb69e6b739fb92f8d0bbe37e",
        "type": "github"
      },
      "original": {
        "owner": "serokell",
        "repo": "nix-npm-buildpackage",
        "type": "github"
      }
    },
    "nixpkgs": {
      "locked": {
        "lastModified": 1652172129,
        "narHash": "sha256-8e2JMrswaKe02P8rYfvIMoc59pNuw6h/GYu8DBE1c+0=",
        "owner": "nixos",
        "repo": "nixpkgs",
        "rev": "f419dc5763c2b3c5580e396dea065b6d8b58ee27",
        "type": "github"
      },
      "original": {
        "owner": "nixos",
        "ref": "nixos-unstable",
        "repo": "nixpkgs",
        "type": "github"
      }
    },
    "ocaml-overlays": {
      "inputs": {
        "flake-utils": [
          "flake-utils"
        ],
        "nixpkgs": [
          "nixpkgs"
        ]
      },
      "locked": {
        "lastModified": 1652259764,
        "narHash": "sha256-B5PWrg5aHza98ZvYt5f88CakBeaYiEXB67JTsBEF1o8=",
        "owner": "anmonteiro",
        "repo": "nix-overlays",
        "rev": "e581cf0116b382ccc3d9e2aba76455a99287cb1c",
        "type": "github"
      },
      "original": {
        "owner": "anmonteiro",
        "repo": "nix-overlays",
        "type": "github"
      }
    },
    "prometheus-web": {
      "inputs": {
        "flake-utils": [
          "flake-utils"
        ],
        "nixpkgs": [
          "nixpkgs"
        ],
        "ocaml-overlay": [
          "ocaml-overlays"
        ]
      },
      "locked": {
        "lastModified": 1649230100,
        "narHash": "sha256-wRErQXbCKLKMmhXdA+Fyzbck4QZrJyCbgqjbKLzGKdU=",
        "owner": "marigold-dev",
        "repo": "prometheus-web",
        "rev": "8f75d055edc053e8bb1354dcf5c9503fe2850380",
        "type": "github"
      },
      "original": {
        "owner": "marigold-dev",
        "repo": "prometheus-web",
        "type": "github"
      }
    },
    "root": {
      "inputs": {
        "flake-utils": "flake-utils",
        "json-logs-reporter": "json-logs-reporter",
        "nix-npm-buildpackage": "nix-npm-buildpackage",
        "nixpkgs": "nixpkgs",
        "ocaml-overlays": "ocaml-overlays",
        "prometheus-web": "prometheus-web",
        "tezos": "tezos"
      }
    },
    "tezos": {
      "inputs": {
        "flake-utils": [
          "flake-utils"
        ],
        "nixpkgs": [
          "nixpkgs"
        ]
      },
      "locked": {
        "lastModified": 1651298115,
        "narHash": "sha256-rx04L4x9LXvmJe29ba3mrd9gmQQ4jwN1mf6XJq7Yq/g=",
        "owner": "marigold-dev",
        "repo": "tezos-nix",
        "rev": "e4b40b5088a4991a677c77629462f2152f7d32ce",
        "type": "github"
      },
      "original": {
        "owner": "marigold-dev",
        "repo": "tezos-nix",
        "type": "github"
      }
    }
  },
  "root": "root",
  "version": 7
}
