{
  "nodes": {
    "flake-utils": {
      "locked": {
        "lastModified": 1644229661,
        "narHash": "sha256-1YdnJAsNy69bpcjuoKdOYQX0YxZBiCYZo4Twxerqv7k=",
        "owner": "numtide",
        "repo": "flake-utils",
        "rev": "3cecb5b042f7f209c56ffd8371b2711a290ec797",
        "type": "github"
      },
      "original": {
        "owner": "numtide",
        "repo": "flake-utils",
        "type": "github"
      }
    },
    "flake-utils_2": {
      "locked": {
        "lastModified": 1637014545,
        "narHash": "sha256-26IZAc5yzlD9FlDT54io1oqG/bBoyka+FJk5guaX4x4=",
        "owner": "numtide",
        "repo": "flake-utils",
        "rev": "bba5dcc8e0b20ab664967ad83d24d64cb64ec4f4",
        "type": "github"
      },
      "original": {
        "owner": "numtide",
        "repo": "flake-utils",
        "type": "github"
      }
    },
    "nixpkgs": {
      "locked": {
        "lastModified": 1646159311,
        "narHash": "sha256-ILKckkiG074t3a0pwaPLjio8zVWgowpEp7AUwI5HjHE=",
        "owner": "nixos",
        "repo": "nixpkgs",
        "rev": "18bd82edcc752d6a0e6cce1401ba0c81353a03ca",
        "type": "github"
      },
      "original": {
        "owner": "nixos",
        "ref": "nixos-unstable",
        "repo": "nixpkgs",
        "type": "github"
      }
    },
    "ocaml-overlays": {
      "inputs": {
        "flake-utils": "flake-utils_2"
      },
      "locked": {
        "lastModified": 1646216585,
        "narHash": "sha256-sX26bJtFkSbfd4RbSkwUt0sE9lRs7TIPVprk4Jbnj3Q=",
        "owner": "anmonteiro",
        "repo": "nix-overlays",
        "rev": "f0bb801c567a8b705d5ec59067ddfe10f60f07af",
        "type": "github"
      },
      "original": {
        "owner": "anmonteiro",
        "ref": "ulrikstrid/ocaml-trunk",
        "repo": "nix-overlays",
        "type": "github"
      }
    },
    "root": {
      "inputs": {
        "flake-utils": "flake-utils",
        "nixpkgs": "nixpkgs",
        "ocaml-overlays": "ocaml-overlays"
      }
    }
  },
  "root": "root",
  "version": 7
}
