{
  "name": "example",
  "version": "1.0.0",
  "lockfileVersion": 2,
  "requires": true,
  "packages": {
    "": {
      "name": "example",
      "version": "1.0.0",
      "license": "ISC",
      "dependencies": {
        "deku_js_interop": "file:../../sdks/deku_js_interop"
      }
    },
    "../../sdks/deku_js_interop": {
      "devDependencies": {
        "@types/node": "^17.0.29",
        "@typescript-eslint/eslint-plugin": "^5.21.0",
        "@typescript-eslint/parser": "^5.21.0",
        "eslint": "^8.14.0",
        "typescript": "^4.6.3"
      }
    },
    "../sdks/deku_js_interop": {
      "extraneous": true
    },
    "node_modules/deku_js_interop": {
      "resolved": "../../sdks/deku_js_interop",
      "link": true
    }
  },
  "dependencies": {
    "deku_js_interop": {
      "version": "file:../../sdks/deku_js_interop",
      "requires": {
        "@types/node": "^17.0.29",
        "@typescript-eslint/eslint-plugin": "^5.21.0",
        "@typescript-eslint/parser": "^5.21.0",
        "eslint": "^8.14.0",
        "typescript": "^4.6.3"
      }
    }
  }
}
