# This file was autogenerated by Stack.
# You should not edit this file by hand.
# For more information, please see the documentation at:
#   https://docs.haskellstack.org/en/stable/lock_files

packages:
- completed:
    subdir: tree-sitter
    name: tree-sitter
    version: 0.9.0.2
    git: https://github.com/serokell/haskell-tree-sitter.git
    pantry-tree:
      size: 33762
      sha256: ee9c77be055d293a56b754d5b6848d974e1eaa4269c99c001f3bb47a4be95d21
    commit: 27c33c98b00f8961c8619de2e3771a1932501ada
  original:
    subdir: tree-sitter
    git: https://github.com/serokell/haskell-tree-sitter.git
    commit: 27c33c98b00f8961c8619de2e3771a1932501ada
- completed:
    hackage: fastsum-0.1.1.1@sha256:ddb41e30396cc091845596130fb441150118086c6f227c0bd5ce30dadf9dad56,2398
    pantry-tree:
      size: 431
      sha256: 45e007bf4395315bf2cdb5b17f1e956739d836a53fa9dd022ea3d0b123ded8f5
  original:
    hackage: fastsum-0.1.1.1
- completed:
    hackage: stm-containers-1.2@sha256:a887f2e7692b7cf20e0b081e2d66e21076e2bd4b57016ec59c484edfa2d29397,3244
    pantry-tree:
      size: 761
      sha256: 20b1076bdb121347ccc512a67df697eed34815a8e35279b6b9a0951963b1eba2
  original:
    hackage: stm-containers-1.2
- completed:
    hackage: stm-hamt-1.2.0.6@sha256:fba86ccb4b45c5706c19b0e1315ba63dcac3b5d71de945ec001ba921fae80061,3972
    pantry-tree:
      size: 1009
      sha256: 1920790535af832b76e7583c33ecf51f8b0b0c3615ef1db1c8ed9be19622c1db
  original:
    hackage: stm-hamt-1.2.0.6
- completed:
    hackage: primitive-extras-0.10.1@sha256:be21c87b5ffce1cd6e3cc179ee8667fcc9323e323f21c78c99686773ededbf2f,2957
    pantry-tree:
      size: 1096
      sha256: bff74e4dff12a92fdca90e5909d4d000051bc13753104ea11b0ab63805309fab
  original:
    hackage: primitive-extras-0.10.1
- completed:
    hackage: primitive-unlifted-0.1.3.0@sha256:a98f827740f5dcf097d885b3a47c32f4462204449620abc9d51b8c4f8619f9e6,1427
    pantry-tree:
      size: 420
      sha256: c882dca2a96b98d02b0d21875b651edb11ac67d90e736c0de7a92c410a19eb7f
  original:
    hackage: primitive-unlifted-0.1.3.0
- completed:
    name: duplo
    version: 0.0.0
    git: https://github.com/serokell/duplo.git
    pantry-tree:
      size: 557
      sha256: 54d5c1eea8525b336f8914d8e4adb887602e0095c55e32c9a2c5d49fe10f75f9
    commit: b0ac4699c44a35ea178d7d117e48076408b0886f
  original:
    git: https://github.com/serokell/duplo.git
    commit: b0ac4699c44a35ea178d7d117e48076408b0886f
snapshots:
- completed:
    size: 587546
    url: https://raw.githubusercontent.com/commercialhaskell/stackage-snapshots/master/lts/18/10.yaml
    sha256: 88b4f81e162ba3adc230a9fcccc4d19ac116377656bab56c7382ca88598b257a
  original: lts-18.10
